{
  "object": {
    "pins": [
      {
        "package": "Validator",
        "repositoryURL": "https://github.com/muk-y/Validator.git",
        "state": {
          "branch": "main",
          "revision": "9629a8453007b80c80ccddea12a692a34d159641",
          "version": null
        }
      }
    ]
  },
  "version": 1
}
