{
  "object": {
    "pins": [
      {
        "package": "Validator",
        "repositoryURL": "https://github.com/muk-y/Validator.git",
        "state": {
          "branch": "main",
          "revision": "fca41ad401a7260b8028827733ab28d6a7a66615",
          "version": null
        }
      }
    ]
  },
  "version": 1
}
