{
  "object": {
    "pins": [
      {
        "package": "Validator",
        "repositoryURL": "https://github.com/muk-y/Validator.git",
        "state": {
          "branch": "main",
          "revision": "ee333b56d8bcef8f16777b659ac02215460ccc7a",
          "version": null
        }
      }
    ]
  },
  "version": 1
}
